
Microsoft Visual Studio Solution File, Format Version 12.00
# Visual Studio Version 16
VisualStudioVersion = 16.0.29609.76
MinimumVisualStudioVersion = 10.0.40219.1
Project("{FAE04EC0-301F-11D3-BF4B-00C04F79EFBC}") = "TestCoffeOrder", "TestCoffeOrder.csproj", "{B4D310D7-4073-44DF-8E79-BA2BF64A6AFD}"
EndProject
Global
	GlobalSection(SolutionConfigurationPlatforms) = preSolution
		Debug|Any CPU = Debug|Any CPU
		Release|Any CPU = Release|Any CPU
	EndGlobalSection
	GlobalSection(ProjectConfigurationPlatforms) = postSolution
		{B4D310D7-4073-44DF-8E79-BA2BF64A6AFD}.Debug|Any CPU.ActiveCfg = Debug|Any CPU
		{B4D310D7-4073-44DF-8E79-BA2BF64A6AFD}.Debug|Any CPU.Build.0 = Debug|Any CPU
		{B4D310D7-4073-44DF-8E79-BA2BF64A6AFD}.Release|Any CPU.ActiveCfg = Release|Any CPU
		{B4D310D7-4073-44DF-8E79-BA2BF64A6AFD}.Release|Any CPU.Build.0 = Release|Any CPU
	EndGlobalSection
	GlobalSection(SolutionProperties) = preSolution
		HideSolutionNode = FALSE
	EndGlobalSection
	GlobalSection(ExtensibilityGlobals) = postSolution
		SolutionGuid = {0BF4C83A-589E-47FA-9E3B-74B4719841D2}
	EndGlobalSection
EndGlobal
